// !$*UTF8*$!
{
	archiveVersion = 1;
	classes = {
	};
	objectVersion = 56;
	objects = {

/* Begin PBXBuildFile section */
		16111B6EC288C0D031D895A3 /* Pods_lets_talk.framework in Frameworks */ = {isa = PBXBuildFile; fileRef = C4E0ADAE514694ADD773354E /* Pods_lets_talk.framework */; };
		873C22E02A2BCF21004F6B56 /* SettingsViewController.swift in Sources */ = {isa = PBXBuildFile; fileRef = 873C22DE2A2BCF21004F6B56 /* SettingsViewController.swift */; };
		873C22E32A2BD01C004F6B56 /* Settings.storyboard in Resources */ = {isa = PBXBuildFile; fileRef = 873C22E22A2BD01C004F6B56 /* Settings.storyboard */; };
		873C22E72A2CC939004F6B56 /* SettingOption.swift in Sources */ = {isa = PBXBuildFile; fileRef = 873C22E62A2CC939004F6B56 /* SettingOption.swift */; };
		873C22E92A2CDC35004F6B56 /* DashboardComponentOption.swift in Sources */ = {isa = PBXBuildFile; fileRef = 873C22E82A2CDC35004F6B56 /* DashboardComponentOption.swift */; };
		873C22EC2A2CF626004F6B56 /* SettingTableViewCell.swift in Sources */ = {isa = PBXBuildFile; fileRef = 873C22EA2A2CF626004F6B56 /* SettingTableViewCell.swift */; };
		873C22ED2A2CF626004F6B56 /* SettingTableViewCell.xib in Resources */ = {isa = PBXBuildFile; fileRef = 873C22EB2A2CF626004F6B56 /* SettingTableViewCell.xib */; };
		873C22EF2A2D0029004F6B56 /* SettingsViewModel.swift in Sources */ = {isa = PBXBuildFile; fileRef = 873C22EE2A2D0029004F6B56 /* SettingsViewModel.swift */; };
		873C22F12A2E29BA004F6B56 /* Section.swift in Sources */ = {isa = PBXBuildFile; fileRef = 873C22F02A2E29BA004F6B56 /* Section.swift */; };
		873C22F62A2E82C9004F6B56 /* BuddySettingsViewController.swift in Sources */ = {isa = PBXBuildFile; fileRef = 873C22F42A2E82C9004F6B56 /* BuddySettingsViewController.swift */; };
		873C22F92A2E8377004F6B56 /* BuddySettings.storyboard in Resources */ = {isa = PBXBuildFile; fileRef = 873C22F82A2E8377004F6B56 /* BuddySettings.storyboard */; };
		873C22FB2A2E8400004F6B56 /* ProfileSettingsViewController.swift in Sources */ = {isa = PBXBuildFile; fileRef = 873C22FA2A2E8400004F6B56 /* ProfileSettingsViewController.swift */; };
		873C22FD2A2E840F004F6B56 /* ProfileSettings.storyboard in Resources */ = {isa = PBXBuildFile; fileRef = 873C22FC2A2E840F004F6B56 /* ProfileSettings.storyboard */; };
		873C23002A2E853C004F6B56 /* HistorySettingsViewController.swift in Sources */ = {isa = PBXBuildFile; fileRef = 873C22FF2A2E853C004F6B56 /* HistorySettingsViewController.swift */; };
		873C23022A2E85BB004F6B56 /* HistorySettings.storyboard in Resources */ = {isa = PBXBuildFile; fileRef = 873C23012A2E85BB004F6B56 /* HistorySettings.storyboard */; };
		873C23042A320146004F6B56 /* BuddyViewModel.swift in Sources */ = {isa = PBXBuildFile; fileRef = 873C23032A320146004F6B56 /* BuddyViewModel.swift */; };
		873C23062A360004004F6B56 /* BuddyRepository.swift in Sources */ = {isa = PBXBuildFile; fileRef = 873C23052A360004004F6B56 /* BuddyRepository.swift */; };
		873C23082A360AEE004F6B56 /* Buddy.swift in Sources */ = {isa = PBXBuildFile; fileRef = 873C23072A360AEE004F6B56 /* Buddy.swift */; };
		873C230B2A3615EE004F6B56 /* String+capitalizedSentece.swift in Sources */ = {isa = PBXBuildFile; fileRef = 873C230A2A3615EE004F6B56 /* String+capitalizedSentece.swift */; };
		873C230E2A367716004F6B56 /* ProfileViewModel.swift in Sources */ = {isa = PBXBuildFile; fileRef = 873C230D2A367716004F6B56 /* ProfileViewModel.swift */; };
		873C23102A367CE2004F6B56 /* Profile.swift in Sources */ = {isa = PBXBuildFile; fileRef = 873C230F2A367CE2004F6B56 /* Profile.swift */; };
		8750C39929F5AE60002DE176 /* NavigationCollectionViewCell.swift in Sources */ = {isa = PBXBuildFile; fileRef = 8750C39829F5AE60002DE176 /* NavigationCollectionViewCell.swift */; };
		8750C39D29F5BBAE002DE176 /* Chat.storyboard in Resources */ = {isa = PBXBuildFile; fileRef = 8750C39C29F5BBAE002DE176 /* Chat.storyboard */; };
		8750C39F29F5BBD3002DE176 /* ChatViewController.swift in Sources */ = {isa = PBXBuildFile; fileRef = 8750C39E29F5BBD3002DE176 /* ChatViewController.swift */; };
		8759D5FD29F6B62600E828AB /* MessageBubbleView.xib in Resources */ = {isa = PBXBuildFile; fileRef = 8759D5FC29F6B62600E828AB /* MessageBubbleView.xib */; };
		875A6BDA2A081FD100E722A4 /* ChatInputView.swift in Sources */ = {isa = PBXBuildFile; fileRef = 875A6BD92A081FD100E722A4 /* ChatInputView.swift */; };
		875A6BDC2A0820A200E722A4 /* ChatInputView.xib in Resources */ = {isa = PBXBuildFile; fileRef = 875A6BDB2A0820A200E722A4 /* ChatInputView.xib */; };
		877AB0DB2A23AC55000F6201 /* OpenAIService.swift in Sources */ = {isa = PBXBuildFile; fileRef = 877AB0DA2A23AC55000F6201 /* OpenAIService.swift */; };
		877AB0E72A24BDF4000F6201 /* Config.swift in Sources */ = {isa = PBXBuildFile; fileRef = 877AB0E62A24BDF4000F6201 /* Config.swift */; };
		877AB5932A1556A9002B21D7 /* ChatView.xib in Resources */ = {isa = PBXBuildFile; fileRef = 877AB5922A1556A9002B21D7 /* ChatView.xib */; };
		877AB5952A15589B002B21D7 /* ChatView.swift in Sources */ = {isa = PBXBuildFile; fileRef = 877AB5942A15589B002B21D7 /* ChatView.swift */; };
		877AB59C2A167078002B21D7 /* ChatCollectionViewCell.swift in Sources */ = {isa = PBXBuildFile; fileRef = 877AB59A2A167078002B21D7 /* ChatCollectionViewCell.swift */; };
		877AB59D2A167078002B21D7 /* ChatCollectionViewCell.xib in Resources */ = {isa = PBXBuildFile; fileRef = 877AB59B2A167078002B21D7 /* ChatCollectionViewCell.xib */; };
		877AB5A52A17FE6A002B21D7 /* ChatViewModel.swift in Sources */ = {isa = PBXBuildFile; fileRef = 877AB5A42A17FE6A002B21D7 /* ChatViewModel.swift */; };
		877AB5A72A1942DD002B21D7 /* Message.swift in Sources */ = {isa = PBXBuildFile; fileRef = 877AB5A62A1942DD002B21D7 /* Message.swift */; };
		877AB5AA2A1A3A62002B21D7 /* MessageRepository.swift in Sources */ = {isa = PBXBuildFile; fileRef = 877AB5A92A1A3A62002B21D7 /* MessageRepository.swift */; };
		877AB5AC2A1A3BB3002B21D7 /* SQLiteDatabaseManager.swift in Sources */ = {isa = PBXBuildFile; fileRef = 877AB5AB2A1A3BB3002B21D7 /* SQLiteDatabaseManager.swift */; };
		877AB5AE2A1A93B7002B21D7 /* ChatDataSource.swift in Sources */ = {isa = PBXBuildFile; fileRef = 877AB5AD2A1A93B7002B21D7 /* ChatDataSource.swift */; };
		877AB5B02A1AB4C5002B21D7 /* ChatDataSourceProtocol.swift in Sources */ = {isa = PBXBuildFile; fileRef = 877AB5AF2A1AB4C5002B21D7 /* ChatDataSourceProtocol.swift */; };
		877AB5B22A1BE6B6002B21D7 /* ChatDelegateProtocol.swift in Sources */ = {isa = PBXBuildFile; fileRef = 877AB5B12A1BE6B6002B21D7 /* ChatDelegateProtocol.swift */; };
		877AB5B42A1BE749002B21D7 /* ChatDelegate.swift in Sources */ = {isa = PBXBuildFile; fileRef = 877AB5B32A1BE749002B21D7 /* ChatDelegate.swift */; };
		877AB5B62A1C1365002B21D7 /* ChatCollectionView.swift in Sources */ = {isa = PBXBuildFile; fileRef = 877AB5B52A1C1365002B21D7 /* ChatCollectionView.swift */; };
		879068202A01604B008A7E6F /* AvatarMessageView.swift in Sources */ = {isa = PBXBuildFile; fileRef = 8790681F2A01604B008A7E6F /* AvatarMessageView.swift */; };
		879068222A017830008A7E6F /* AvatarMessageView.xib in Resources */ = {isa = PBXBuildFile; fileRef = 879068212A017830008A7E6F /* AvatarMessageView.xib */; };
		879068252A017C9B008A7E6F /* avatar.json in Resources */ = {isa = PBXBuildFile; fileRef = 879068232A017C9B008A7E6F /* avatar.json */; };
		879068282A0185A3008A7E6F /* avatar-2.json in Resources */ = {isa = PBXBuildFile; fileRef = 879068272A0185A3008A7E6F /* avatar-2.json */; };
		879DCC562A292B0500064AD1 /* typing.json in Resources */ = {isa = PBXBuildFile; fileRef = 879DCC552A292B0400064AD1 /* typing.json */; };
		879DCC582A2930E000064AD1 /* typing-2.json in Resources */ = {isa = PBXBuildFile; fileRef = 879DCC572A2930E000064AD1 /* typing-2.json */; };
		879DCC5A2A29324B00064AD1 /* chatting.json in Resources */ = {isa = PBXBuildFile; fileRef = 879DCC592A29324B00064AD1 /* chatting.json */; };
		879DCC5C2A293EB000064AD1 /* Secrets.plist in Resources */ = {isa = PBXBuildFile; fileRef = 879DCC5B2A293EB000064AD1 /* Secrets.plist */; };
		879DCC5E2A29418200064AD1 /* HapticFeedbackManagers.swift in Sources */ = {isa = PBXBuildFile; fileRef = 879DCC5D2A29418200064AD1 /* HapticFeedbackManagers.swift */; };
		87D2124B29F0177A0035AF04 /* AppDelegate.swift in Sources */ = {isa = PBXBuildFile; fileRef = 87D2124A29F0177A0035AF04 /* AppDelegate.swift */; };
		87D2124D29F0177A0035AF04 /* SceneDelegate.swift in Sources */ = {isa = PBXBuildFile; fileRef = 87D2124C29F0177A0035AF04 /* SceneDelegate.swift */; };
		87D2124F29F0177A0035AF04 /* DashboardViewController.swift in Sources */ = {isa = PBXBuildFile; fileRef = 87D2124E29F0177A0035AF04 /* DashboardViewController.swift */; };
		87D2125229F0177A0035AF04 /* Main.storyboard in Resources */ = {isa = PBXBuildFile; fileRef = 87D2125029F0177A0035AF04 /* Main.storyboard */; };
		87D2125429F0177B0035AF04 /* Assets.xcassets in Resources */ = {isa = PBXBuildFile; fileRef = 87D2125329F0177B0035AF04 /* Assets.xcassets */; };
		87D2125729F0177B0035AF04 /* LaunchScreen.storyboard in Resources */ = {isa = PBXBuildFile; fileRef = 87D2125529F0177B0035AF04 /* LaunchScreen.storyboard */; };
		87D9551129F2E83E0054FF4A /* ViewControllerFactory.swift in Sources */ = {isa = PBXBuildFile; fileRef = 87D9551029F2E83E0054FF4A /* ViewControllerFactory.swift */; };
		87D9551329F2F1B80054FF4A /* DashboardViewModel.swift in Sources */ = {isa = PBXBuildFile; fileRef = 87D9551229F2F1B80054FF4A /* DashboardViewModel.swift */; };
		87DA93CE29F5E3850096983E /* Solution.storyboard in Resources */ = {isa = PBXBuildFile; fileRef = 87DA93CD29F5E3850096983E /* Solution.storyboard */; };
		87DA93D029F5E3A60096983E /* SolutionViewController.swift in Sources */ = {isa = PBXBuildFile; fileRef = 87DA93CF29F5E3A60096983E /* SolutionViewController.swift */; };
		87DA93D429F69D330096983E /* MessageBubbleView.swift in Sources */ = {isa = PBXBuildFile; fileRef = 87DA93D329F69D330096983E /* MessageBubbleView.swift */; };
/* End PBXBuildFile section */

/* Begin PBXFileReference section */
		87325F2202292955AD26012E /* Pods-lets-talk.debug.xcconfig */ = {isa = PBXFileReference; includeInIndex = 1; lastKnownFileType = text.xcconfig; name = "Pods-lets-talk.debug.xcconfig"; path = "Target Support Files/Pods-lets-talk/Pods-lets-talk.debug.xcconfig"; sourceTree = "<group>"; };
		873C22DE2A2BCF21004F6B56 /* SettingsViewController.swift */ = {isa = PBXFileReference; lastKnownFileType = sourcecode.swift; path = SettingsViewController.swift; sourceTree = "<group>"; };
		873C22E22A2BD01C004F6B56 /* Settings.storyboard */ = {isa = PBXFileReference; lastKnownFileType = file.storyboard; path = Settings.storyboard; sourceTree = "<group>"; };
		873C22E62A2CC939004F6B56 /* SettingOption.swift */ = {isa = PBXFileReference; lastKnownFileType = sourcecode.swift; path = SettingOption.swift; sourceTree = "<group>"; };
		873C22E82A2CDC35004F6B56 /* DashboardComponentOption.swift */ = {isa = PBXFileReference; lastKnownFileType = sourcecode.swift; path = DashboardComponentOption.swift; sourceTree = "<group>"; };
		873C22EA2A2CF626004F6B56 /* SettingTableViewCell.swift */ = {isa = PBXFileReference; lastKnownFileType = sourcecode.swift; path = SettingTableViewCell.swift; sourceTree = "<group>"; };
		873C22EB2A2CF626004F6B56 /* SettingTableViewCell.xib */ = {isa = PBXFileReference; lastKnownFileType = file.xib; path = SettingTableViewCell.xib; sourceTree = "<group>"; };
		873C22EE2A2D0029004F6B56 /* SettingsViewModel.swift */ = {isa = PBXFileReference; lastKnownFileType = sourcecode.swift; path = SettingsViewModel.swift; sourceTree = "<group>"; };
		873C22F02A2E29BA004F6B56 /* Section.swift */ = {isa = PBXFileReference; lastKnownFileType = sourcecode.swift; path = Section.swift; sourceTree = "<group>"; };
		873C22F42A2E82C9004F6B56 /* BuddySettingsViewController.swift */ = {isa = PBXFileReference; lastKnownFileType = sourcecode.swift; path = BuddySettingsViewController.swift; sourceTree = "<group>"; };
		873C22F82A2E8377004F6B56 /* BuddySettings.storyboard */ = {isa = PBXFileReference; lastKnownFileType = file.storyboard; path = BuddySettings.storyboard; sourceTree = "<group>"; };
		873C22FA2A2E8400004F6B56 /* ProfileSettingsViewController.swift */ = {isa = PBXFileReference; lastKnownFileType = sourcecode.swift; path = ProfileSettingsViewController.swift; sourceTree = "<group>"; };
		873C22FC2A2E840F004F6B56 /* ProfileSettings.storyboard */ = {isa = PBXFileReference; lastKnownFileType = file.storyboard; path = ProfileSettings.storyboard; sourceTree = "<group>"; };
		873C22FF2A2E853C004F6B56 /* HistorySettingsViewController.swift */ = {isa = PBXFileReference; lastKnownFileType = sourcecode.swift; path = HistorySettingsViewController.swift; sourceTree = "<group>"; };
		873C23012A2E85BB004F6B56 /* HistorySettings.storyboard */ = {isa = PBXFileReference; lastKnownFileType = file.storyboard; path = HistorySettings.storyboard; sourceTree = "<group>"; };
		873C23032A320146004F6B56 /* BuddyViewModel.swift */ = {isa = PBXFileReference; lastKnownFileType = sourcecode.swift; path = BuddyViewModel.swift; sourceTree = "<group>"; };
		873C23052A360004004F6B56 /* BuddyRepository.swift */ = {isa = PBXFileReference; lastKnownFileType = sourcecode.swift; path = BuddyRepository.swift; sourceTree = "<group>"; };
		873C23072A360AEE004F6B56 /* Buddy.swift */ = {isa = PBXFileReference; lastKnownFileType = sourcecode.swift; path = Buddy.swift; sourceTree = "<group>"; };
		873C230A2A3615EE004F6B56 /* String+capitalizedSentece.swift */ = {isa = PBXFileReference; lastKnownFileType = sourcecode.swift; path = "String+capitalizedSentece.swift"; sourceTree = "<group>"; };
		873C230D2A367716004F6B56 /* ProfileViewModel.swift */ = {isa = PBXFileReference; lastKnownFileType = sourcecode.swift; path = ProfileViewModel.swift; sourceTree = "<group>"; };
		873C230F2A367CE2004F6B56 /* Profile.swift */ = {isa = PBXFileReference; lastKnownFileType = sourcecode.swift; path = Profile.swift; sourceTree = "<group>"; };
		8750C39829F5AE60002DE176 /* NavigationCollectionViewCell.swift */ = {isa = PBXFileReference; lastKnownFileType = sourcecode.swift; path = NavigationCollectionViewCell.swift; sourceTree = "<group>"; };
		8750C39C29F5BBAE002DE176 /* Chat.storyboard */ = {isa = PBXFileReference; lastKnownFileType = file.storyboard; path = Chat.storyboard; sourceTree = "<group>"; };
		8750C39E29F5BBD3002DE176 /* ChatViewController.swift */ = {isa = PBXFileReference; lastKnownFileType = sourcecode.swift; path = ChatViewController.swift; sourceTree = "<group>"; };
		8759D5FC29F6B62600E828AB /* MessageBubbleView.xib */ = {isa = PBXFileReference; lastKnownFileType = file.xib; path = MessageBubbleView.xib; sourceTree = "<group>"; };
		875A6BD92A081FD100E722A4 /* ChatInputView.swift */ = {isa = PBXFileReference; lastKnownFileType = sourcecode.swift; path = ChatInputView.swift; sourceTree = "<group>"; };
		875A6BDB2A0820A200E722A4 /* ChatInputView.xib */ = {isa = PBXFileReference; lastKnownFileType = file.xib; path = ChatInputView.xib; sourceTree = "<group>"; };
		877AB0DA2A23AC55000F6201 /* OpenAIService.swift */ = {isa = PBXFileReference; lastKnownFileType = sourcecode.swift; path = OpenAIService.swift; sourceTree = "<group>"; };
		877AB0E62A24BDF4000F6201 /* Config.swift */ = {isa = PBXFileReference; lastKnownFileType = sourcecode.swift; path = Config.swift; sourceTree = "<group>"; };
		877AB5922A1556A9002B21D7 /* ChatView.xib */ = {isa = PBXFileReference; lastKnownFileType = file.xib; path = ChatView.xib; sourceTree = "<group>"; };
		877AB5942A15589B002B21D7 /* ChatView.swift */ = {isa = PBXFileReference; lastKnownFileType = sourcecode.swift; path = ChatView.swift; sourceTree = "<group>"; };
		877AB59A2A167078002B21D7 /* ChatCollectionViewCell.swift */ = {isa = PBXFileReference; lastKnownFileType = sourcecode.swift; path = ChatCollectionViewCell.swift; sourceTree = "<group>"; };
		877AB59B2A167078002B21D7 /* ChatCollectionViewCell.xib */ = {isa = PBXFileReference; lastKnownFileType = file.xib; path = ChatCollectionViewCell.xib; sourceTree = "<group>"; };
		877AB5A42A17FE6A002B21D7 /* ChatViewModel.swift */ = {isa = PBXFileReference; lastKnownFileType = sourcecode.swift; path = ChatViewModel.swift; sourceTree = "<group>"; };
		877AB5A62A1942DD002B21D7 /* Message.swift */ = {isa = PBXFileReference; lastKnownFileType = sourcecode.swift; path = Message.swift; sourceTree = "<group>"; };
		877AB5A92A1A3A62002B21D7 /* MessageRepository.swift */ = {isa = PBXFileReference; lastKnownFileType = sourcecode.swift; path = MessageRepository.swift; sourceTree = "<group>"; };
		877AB5AB2A1A3BB3002B21D7 /* SQLiteDatabaseManager.swift */ = {isa = PBXFileReference; lastKnownFileType = sourcecode.swift; path = SQLiteDatabaseManager.swift; sourceTree = "<group>"; };
		877AB5AD2A1A93B7002B21D7 /* ChatDataSource.swift */ = {isa = PBXFileReference; lastKnownFileType = sourcecode.swift; path = ChatDataSource.swift; sourceTree = "<group>"; };
		877AB5AF2A1AB4C5002B21D7 /* ChatDataSourceProtocol.swift */ = {isa = PBXFileReference; lastKnownFileType = sourcecode.swift; path = ChatDataSourceProtocol.swift; sourceTree = "<group>"; };
		877AB5B12A1BE6B6002B21D7 /* ChatDelegateProtocol.swift */ = {isa = PBXFileReference; lastKnownFileType = sourcecode.swift; path = ChatDelegateProtocol.swift; sourceTree = "<group>"; };
		877AB5B32A1BE749002B21D7 /* ChatDelegate.swift */ = {isa = PBXFileReference; lastKnownFileType = sourcecode.swift; path = ChatDelegate.swift; sourceTree = "<group>"; };
		877AB5B52A1C1365002B21D7 /* ChatCollectionView.swift */ = {isa = PBXFileReference; lastKnownFileType = sourcecode.swift; path = ChatCollectionView.swift; sourceTree = "<group>"; };
		8790681F2A01604B008A7E6F /* AvatarMessageView.swift */ = {isa = PBXFileReference; lastKnownFileType = sourcecode.swift; path = AvatarMessageView.swift; sourceTree = "<group>"; };
		879068212A017830008A7E6F /* AvatarMessageView.xib */ = {isa = PBXFileReference; lastKnownFileType = file.xib; path = AvatarMessageView.xib; sourceTree = "<group>"; };
		879068232A017C9B008A7E6F /* avatar.json */ = {isa = PBXFileReference; fileEncoding = 4; lastKnownFileType = text.json; path = avatar.json; sourceTree = "<group>"; };
		879068272A0185A3008A7E6F /* avatar-2.json */ = {isa = PBXFileReference; fileEncoding = 4; lastKnownFileType = text.json; name = "avatar-2.json"; path = "../../../../../../Downloads/avatar-2.json"; sourceTree = "<group>"; };
		879DCC552A292B0400064AD1 /* typing.json */ = {isa = PBXFileReference; fileEncoding = 4; lastKnownFileType = text.json; path = typing.json; sourceTree = "<group>"; };
		879DCC572A2930E000064AD1 /* typing-2.json */ = {isa = PBXFileReference; fileEncoding = 4; lastKnownFileType = text.json; name = "typing-2.json"; path = "../../../../../../Downloads/typing-2.json"; sourceTree = "<group>"; };
		879DCC592A29324B00064AD1 /* chatting.json */ = {isa = PBXFileReference; fileEncoding = 4; lastKnownFileType = text.json; name = chatting.json; path = ../../../../../../Downloads/chatting.json; sourceTree = "<group>"; };
		879DCC5B2A293EB000064AD1 /* Secrets.plist */ = {isa = PBXFileReference; lastKnownFileType = text.plist.xml; path = Secrets.plist; sourceTree = "<group>"; };
		879DCC5D2A29418200064AD1 /* HapticFeedbackManagers.swift */ = {isa = PBXFileReference; lastKnownFileType = sourcecode.swift; path = HapticFeedbackManagers.swift; sourceTree = "<group>"; };
		87D2124729F0177A0035AF04 /* lets-talk.app */ = {isa = PBXFileReference; explicitFileType = wrapper.application; includeInIndex = 0; path = "lets-talk.app"; sourceTree = BUILT_PRODUCTS_DIR; };
		87D2124A29F0177A0035AF04 /* AppDelegate.swift */ = {isa = PBXFileReference; lastKnownFileType = sourcecode.swift; path = AppDelegate.swift; sourceTree = "<group>"; };
		87D2124C29F0177A0035AF04 /* SceneDelegate.swift */ = {isa = PBXFileReference; lastKnownFileType = sourcecode.swift; path = SceneDelegate.swift; sourceTree = "<group>"; };
		87D2124E29F0177A0035AF04 /* DashboardViewController.swift */ = {isa = PBXFileReference; lastKnownFileType = sourcecode.swift; path = DashboardViewController.swift; sourceTree = "<group>"; };
		87D2125129F0177A0035AF04 /* Base */ = {isa = PBXFileReference; lastKnownFileType = file.storyboard; name = Base; path = Base.lproj/Main.storyboard; sourceTree = "<group>"; };
		87D2125329F0177B0035AF04 /* Assets.xcassets */ = {isa = PBXFileReference; lastKnownFileType = folder.assetcatalog; path = Assets.xcassets; sourceTree = "<group>"; };
		87D2125629F0177B0035AF04 /* Base */ = {isa = PBXFileReference; lastKnownFileType = file.storyboard; name = Base; path = Base.lproj/LaunchScreen.storyboard; sourceTree = "<group>"; };
		87D2125829F0177B0035AF04 /* Info.plist */ = {isa = PBXFileReference; lastKnownFileType = text.plist.xml; path = Info.plist; sourceTree = "<group>"; };
		87D9551029F2E83E0054FF4A /* ViewControllerFactory.swift */ = {isa = PBXFileReference; lastKnownFileType = sourcecode.swift; path = ViewControllerFactory.swift; sourceTree = "<group>"; };
		87D9551229F2F1B80054FF4A /* DashboardViewModel.swift */ = {isa = PBXFileReference; lastKnownFileType = sourcecode.swift; path = DashboardViewModel.swift; sourceTree = "<group>"; };
		87DA93CD29F5E3850096983E /* Solution.storyboard */ = {isa = PBXFileReference; lastKnownFileType = file.storyboard; path = Solution.storyboard; sourceTree = "<group>"; };
		87DA93CF29F5E3A60096983E /* SolutionViewController.swift */ = {isa = PBXFileReference; lastKnownFileType = sourcecode.swift; path = SolutionViewController.swift; sourceTree = "<group>"; };
		87DA93D329F69D330096983E /* MessageBubbleView.swift */ = {isa = PBXFileReference; lastKnownFileType = sourcecode.swift; path = MessageBubbleView.swift; sourceTree = "<group>"; };
		9D5DCE642BEA9A6B992D8CA7 /* Pods-lets-talk.release.xcconfig */ = {isa = PBXFileReference; includeInIndex = 1; lastKnownFileType = text.xcconfig; name = "Pods-lets-talk.release.xcconfig"; path = "Target Support Files/Pods-lets-talk/Pods-lets-talk.release.xcconfig"; sourceTree = "<group>"; };
		C4E0ADAE514694ADD773354E /* Pods_lets_talk.framework */ = {isa = PBXFileReference; explicitFileType = wrapper.framework; includeInIndex = 0; path = Pods_lets_talk.framework; sourceTree = BUILT_PRODUCTS_DIR; };
/* End PBXFileReference section */

/* Begin PBXFrameworksBuildPhase section */
		87D2124429F0177A0035AF04 /* Frameworks */ = {
			isa = PBXFrameworksBuildPhase;
			buildActionMask = 2147483647;
			files = (
				16111B6EC288C0D031D895A3 /* Pods_lets_talk.framework in Frameworks */,
			);
			runOnlyForDeploymentPostprocessing = 0;
		};
/* End PBXFrameworksBuildPhase section */

/* Begin PBXGroup section */
		04DC1B2BCE616028C03CE5AC /* Frameworks */ = {
			isa = PBXGroup;
			children = (
				C4E0ADAE514694ADD773354E /* Pods_lets_talk.framework */,
			);
			name = Frameworks;
			sourceTree = "<group>";
		};
		873C22DB2A2BCD08004F6B56 /* Settings */ = {
			isa = PBXGroup;
			children = (
				873C22E22A2BD01C004F6B56 /* Settings.storyboard */,
				873C22DE2A2BCF21004F6B56 /* SettingsViewController.swift */,
				873C22EA2A2CF626004F6B56 /* SettingTableViewCell.swift */,
				873C22EB2A2CF626004F6B56 /* SettingTableViewCell.xib */,
				873C22EE2A2D0029004F6B56 /* SettingsViewModel.swift */,
				873C22F32A2E8133004F6B56 /* Buddy */,
				873C22F22A2E8122004F6B56 /* Profile */,
				873C22FE2A2E850D004F6B56 /* History */,
			);
			path = Settings;
			sourceTree = "<group>";
		};
		873C22F22A2E8122004F6B56 /* Profile */ = {
			isa = PBXGroup;
			children = (
				873C22FA2A2E8400004F6B56 /* ProfileSettingsViewController.swift */,
				873C230D2A367716004F6B56 /* ProfileViewModel.swift */,
				873C22FC2A2E840F004F6B56 /* ProfileSettings.storyboard */,
			);
			path = Profile;
			sourceTree = "<group>";
		};
		873C22F32A2E8133004F6B56 /* Buddy */ = {
			isa = PBXGroup;
			children = (
				873C22F42A2E82C9004F6B56 /* BuddySettingsViewController.swift */,
				873C23032A320146004F6B56 /* BuddyViewModel.swift */,
				873C22F82A2E8377004F6B56 /* BuddySettings.storyboard */,
			);
			path = Buddy;
			sourceTree = "<group>";
		};
		873C22FE2A2E850D004F6B56 /* History */ = {
			isa = PBXGroup;
			children = (
				873C22FF2A2E853C004F6B56 /* HistorySettingsViewController.swift */,
				873C23012A2E85BB004F6B56 /* HistorySettings.storyboard */,
			);
			path = History;
			sourceTree = "<group>";
		};
		873C23092A3615D2004F6B56 /* Extensions */ = {
			isa = PBXGroup;
			children = (
				873C230A2A3615EE004F6B56 /* String+capitalizedSentece.swift */,
			);
			path = Extensions;
			sourceTree = "<group>";
		};
		873C230C2A3664DB004F6B56 /* CustomUI */ = {
			isa = PBXGroup;
			children = (
			);
			path = CustomUI;
			sourceTree = "<group>";
		};
		8750C39A29F5BB7D002DE176 /* Dashboard */ = {
			isa = PBXGroup;
			children = (
				87D2124E29F0177A0035AF04 /* DashboardViewController.swift */,
				87D9551229F2F1B80054FF4A /* DashboardViewModel.swift */,
				8750C39829F5AE60002DE176 /* NavigationCollectionViewCell.swift */,
				87D2125029F0177A0035AF04 /* Main.storyboard */,
			);
			path = Dashboard;
			sourceTree = "<group>";
		};
		8750C39B29F5BB96002DE176 /* Chat */ = {
			isa = PBXGroup;
			children = (
				8750C39C29F5BBAE002DE176 /* Chat.storyboard */,
				8750C39E29F5BBD3002DE176 /* ChatViewController.swift */,
				877AB5A42A17FE6A002B21D7 /* ChatViewModel.swift */,
				877AB5AD2A1A93B7002B21D7 /* ChatDataSource.swift */,
				877AB5B32A1BE749002B21D7 /* ChatDelegate.swift */,
			);
			path = Chat;
			sourceTree = "<group>";
		};
		875A6BD62A081D8B00E722A4 /* ChatInputView */ = {
			isa = PBXGroup;
			children = (
				875A6BD92A081FD100E722A4 /* ChatInputView.swift */,
				875A6BDB2A0820A200E722A4 /* ChatInputView.xib */,
			);
			path = ChatInputView;
			sourceTree = "<group>";
		};
		877AB0D92A23AC45000F6201 /* Services */ = {
			isa = PBXGroup;
			children = (
				877AB0DA2A23AC55000F6201 /* OpenAIService.swift */,
			);
			path = Services;
			sourceTree = "<group>";
		};
		877AB5912A15467A002B21D7 /* ChatView */ = {
			isa = PBXGroup;
			children = (
				877AB5942A15589B002B21D7 /* ChatView.swift */,
				877AB5922A1556A9002B21D7 /* ChatView.xib */,
				877AB59A2A167078002B21D7 /* ChatCollectionViewCell.swift */,
				877AB59B2A167078002B21D7 /* ChatCollectionViewCell.xib */,
				877AB5AF2A1AB4C5002B21D7 /* ChatDataSourceProtocol.swift */,
				877AB5B12A1BE6B6002B21D7 /* ChatDelegateProtocol.swift */,
				877AB5B52A1C1365002B21D7 /* ChatCollectionView.swift */,
			);
			path = ChatView;
			sourceTree = "<group>";
		};
		877AB5A82A1A398B002B21D7 /* Repository */ = {
			isa = PBXGroup;
			children = (
				877AB5A92A1A3A62002B21D7 /* MessageRepository.swift */,
				873C23052A360004004F6B56 /* BuddyRepository.swift */,
			);
			path = Repository;
			sourceTree = "<group>";
		};
		8790681C2A013FC5008A7E6F /* LottieFiles */ = {
			isa = PBXGroup;
			children = (
				879DCC572A2930E000064AD1 /* typing-2.json */,
				879068272A0185A3008A7E6F /* avatar-2.json */,
				879DCC592A29324B00064AD1 /* chatting.json */,
				879DCC552A292B0400064AD1 /* typing.json */,
				879068232A017C9B008A7E6F /* avatar.json */,
			);
			path = LottieFiles;
			sourceTree = "<group>";
		};
		8790681D2A014B98008A7E6F /* MessageBubbleView */ = {
			isa = PBXGroup;
			children = (
				87DA93D329F69D330096983E /* MessageBubbleView.swift */,
				8759D5FC29F6B62600E828AB /* MessageBubbleView.xib */,
			);
			path = MessageBubbleView;
			sourceTree = "<group>";
		};
		8790681E2A015006008A7E6F /* AvatarMessageView */ = {
			isa = PBXGroup;
			children = (
				8790681F2A01604B008A7E6F /* AvatarMessageView.swift */,
				879068212A017830008A7E6F /* AvatarMessageView.xib */,
			);
			path = AvatarMessageView;
			sourceTree = "<group>";
		};
		87D2123E29F0177A0035AF04 = {
			isa = PBXGroup;
			children = (
				87D2124929F0177A0035AF04 /* lets-talk */,
				87D2124829F0177A0035AF04 /* Products */,
				CA1F987E1C726429DDE2BFA4 /* Pods */,
				04DC1B2BCE616028C03CE5AC /* Frameworks */,
			);
			sourceTree = "<group>";
		};
		87D2124829F0177A0035AF04 /* Products */ = {
			isa = PBXGroup;
			children = (
				87D2124729F0177A0035AF04 /* lets-talk.app */,
			);
			name = Products;
			sourceTree = "<group>";
		};
		87D2124929F0177A0035AF04 /* lets-talk */ = {
			isa = PBXGroup;
			children = (
				873C23092A3615D2004F6B56 /* Extensions */,
				877AB0D92A23AC45000F6201 /* Services */,
				877AB5A82A1A398B002B21D7 /* Repository */,
				8790681C2A013FC5008A7E6F /* LottieFiles */,
				87D2126529F01D470035AF04 /* Helpers */,
				87D2126429F01D3B0035AF04 /* Managers */,
				87D2126329F01D2F0035AF04 /* Api */,
				87D2126129F01C110035AF04 /* Components */,
				87D2125E29F01BC80035AF04 /* Model */,
				87D2125F29F01BED0035AF04 /* Views */,
				87D2124A29F0177A0035AF04 /* AppDelegate.swift */,
				87D2124C29F0177A0035AF04 /* SceneDelegate.swift */,
				877AB0E62A24BDF4000F6201 /* Config.swift */,
				87D2125329F0177B0035AF04 /* Assets.xcassets */,
				87D2125529F0177B0035AF04 /* LaunchScreen.storyboard */,
				87D2125829F0177B0035AF04 /* Info.plist */,
				879DCC5B2A293EB000064AD1 /* Secrets.plist */,
			);
			path = "lets-talk";
			sourceTree = "<group>";
		};
		87D2125E29F01BC80035AF04 /* Model */ = {
			isa = PBXGroup;
			children = (
				877AB5A62A1942DD002B21D7 /* Message.swift */,
				873C22F02A2E29BA004F6B56 /* Section.swift */,
				873C22E62A2CC939004F6B56 /* SettingOption.swift */,
				873C22E82A2CDC35004F6B56 /* DashboardComponentOption.swift */,
				873C23072A360AEE004F6B56 /* Buddy.swift */,
				873C230F2A367CE2004F6B56 /* Profile.swift */,
			);
			path = Model;
			sourceTree = "<group>";
		};
		87D2125F29F01BED0035AF04 /* Views */ = {
			isa = PBXGroup;
			children = (
				873C22DB2A2BCD08004F6B56 /* Settings */,
				87DA93CC29F5E3060096983E /* Solutions */,
				8750C39B29F5BB96002DE176 /* Chat */,
				8750C39A29F5BB7D002DE176 /* Dashboard */,
				87D9551029F2E83E0054FF4A /* ViewControllerFactory.swift */,
			);
			path = Views;
			sourceTree = "<group>";
		};
		87D2126129F01C110035AF04 /* Components */ = {
			isa = PBXGroup;
			children = (
				873C230C2A3664DB004F6B56 /* CustomUI */,
				877AB5912A15467A002B21D7 /* ChatView */,
				875A6BD62A081D8B00E722A4 /* ChatInputView */,
				8790681E2A015006008A7E6F /* AvatarMessageView */,
				8790681D2A014B98008A7E6F /* MessageBubbleView */,
			);
			path = Components;
			sourceTree = "<group>";
		};
		87D2126329F01D2F0035AF04 /* Api */ = {
			isa = PBXGroup;
			children = (
			);
			path = Api;
			sourceTree = "<group>";
		};
		87D2126429F01D3B0035AF04 /* Managers */ = {
			isa = PBXGroup;
			children = (
				877AB5AB2A1A3BB3002B21D7 /* SQLiteDatabaseManager.swift */,
				879DCC5D2A29418200064AD1 /* HapticFeedbackManagers.swift */,
			);
			path = Managers;
			sourceTree = "<group>";
		};
		87D2126529F01D470035AF04 /* Helpers */ = {
			isa = PBXGroup;
			children = (
			);
			path = Helpers;
			sourceTree = "<group>";
		};
		87DA93CC29F5E3060096983E /* Solutions */ = {
			isa = PBXGroup;
			children = (
				87DA93CD29F5E3850096983E /* Solution.storyboard */,
				87DA93CF29F5E3A60096983E /* SolutionViewController.swift */,
			);
			path = Solutions;
			sourceTree = "<group>";
		};
		CA1F987E1C726429DDE2BFA4 /* Pods */ = {
			isa = PBXGroup;
			children = (
				87325F2202292955AD26012E /* Pods-lets-talk.debug.xcconfig */,
				9D5DCE642BEA9A6B992D8CA7 /* Pods-lets-talk.release.xcconfig */,
			);
			path = Pods;
			sourceTree = "<group>";
		};
/* End PBXGroup section */

/* Begin PBXNativeTarget section */
		87D2124629F0177A0035AF04 /* lets-talk */ = {
			isa = PBXNativeTarget;
			buildConfigurationList = 87D2125B29F0177B0035AF04 /* Build configuration list for PBXNativeTarget "lets-talk" */;
			buildPhases = (
				936422E0E97EA6DB3135199E /* [CP] Check Pods Manifest.lock */,
				87D2124329F0177A0035AF04 /* Sources */,
				87D2124429F0177A0035AF04 /* Frameworks */,
				87D2124529F0177A0035AF04 /* Resources */,
				DAE07D0AA1307294EC9352A0 /* [CP] Embed Pods Frameworks */,
			);
			buildRules = (
			);
			dependencies = (
			);
			name = "lets-talk";
			productName = "lets-talk";
			productReference = 87D2124729F0177A0035AF04 /* lets-talk.app */;
			productType = "com.apple.product-type.application";
		};
/* End PBXNativeTarget section */

/* Begin PBXProject section */
		87D2123F29F0177A0035AF04 /* Project object */ = {
			isa = PBXProject;
			attributes = {
				BuildIndependentTargetsInParallel = 1;
				LastSwiftUpdateCheck = 1430;
				LastUpgradeCheck = 1430;
				TargetAttributes = {
					87D2124629F0177A0035AF04 = {
						CreatedOnToolsVersion = 14.3;
					};
				};
			};
			buildConfigurationList = 87D2124229F0177A0035AF04 /* Build configuration list for PBXProject "lets-talk" */;
			compatibilityVersion = "Xcode 14.0";
			developmentRegion = en;
			hasScannedForEncodings = 0;
			knownRegions = (
				en,
				Base,
			);
			mainGroup = 87D2123E29F0177A0035AF04;
			productRefGroup = 87D2124829F0177A0035AF04 /* Products */;
			projectDirPath = "";
			projectRoot = "";
			targets = (
				87D2124629F0177A0035AF04 /* lets-talk */,
			);
		};
/* End PBXProject section */

/* Begin PBXResourcesBuildPhase section */
		87D2124529F0177A0035AF04 /* Resources */ = {
			isa = PBXResourcesBuildPhase;
			buildActionMask = 2147483647;
			files = (
				879DCC5C2A293EB000064AD1 /* Secrets.plist in Resources */,
				873C22E32A2BD01C004F6B56 /* Settings.storyboard in Resources */,
				873C22FD2A2E840F004F6B56 /* ProfileSettings.storyboard in Resources */,
				87DA93CE29F5E3850096983E /* Solution.storyboard in Resources */,
				877AB5932A1556A9002B21D7 /* ChatView.xib in Resources */,
				873C22F92A2E8377004F6B56 /* BuddySettings.storyboard in Resources */,
				87D2125729F0177B0035AF04 /* LaunchScreen.storyboard in Resources */,
				879DCC562A292B0500064AD1 /* typing.json in Resources */,
				879068252A017C9B008A7E6F /* avatar.json in Resources */,
				879068282A0185A3008A7E6F /* avatar-2.json in Resources */,
				879DCC582A2930E000064AD1 /* typing-2.json in Resources */,
				87D2125429F0177B0035AF04 /* Assets.xcassets in Resources */,
				875A6BDC2A0820A200E722A4 /* ChatInputView.xib in Resources */,
				873C23022A2E85BB004F6B56 /* HistorySettings.storyboard in Resources */,
				8750C39D29F5BBAE002DE176 /* Chat.storyboard in Resources */,
				879DCC5A2A29324B00064AD1 /* chatting.json in Resources */,
				8759D5FD29F6B62600E828AB /* MessageBubbleView.xib in Resources */,
				873C22ED2A2CF626004F6B56 /* SettingTableViewCell.xib in Resources */,
				87D2125229F0177A0035AF04 /* Main.storyboard in Resources */,
				877AB59D2A167078002B21D7 /* ChatCollectionViewCell.xib in Resources */,
				879068222A017830008A7E6F /* AvatarMessageView.xib in Resources */,
			);
			runOnlyForDeploymentPostprocessing = 0;
		};
/* End PBXResourcesBuildPhase section */

/* Begin PBXShellScriptBuildPhase section */
		936422E0E97EA6DB3135199E /* [CP] Check Pods Manifest.lock */ = {
			isa = PBXShellScriptBuildPhase;
			buildActionMask = 2147483647;
			files = (
			);
			inputFileListPaths = (
			);
			inputPaths = (
				"${PODS_PODFILE_DIR_PATH}/Podfile.lock",
				"${PODS_ROOT}/Manifest.lock",
			);
			name = "[CP] Check Pods Manifest.lock";
			outputFileListPaths = (
			);
			outputPaths = (
				"$(DERIVED_FILE_DIR)/Pods-lets-talk-checkManifestLockResult.txt",
			);
			runOnlyForDeploymentPostprocessing = 0;
			shellPath = /bin/sh;
			shellScript = "diff \"${PODS_PODFILE_DIR_PATH}/Podfile.lock\" \"${PODS_ROOT}/Manifest.lock\" > /dev/null\nif [ $? != 0 ] ; then\n    # print error to STDERR\n    echo \"error: The sandbox is not in sync with the Podfile.lock. Run 'pod install' or update your CocoaPods installation.\" >&2\n    exit 1\nfi\n# This output is used by Xcode 'outputs' to avoid re-running this script phase.\necho \"SUCCESS\" > \"${SCRIPT_OUTPUT_FILE_0}\"\n";
			showEnvVarsInLog = 0;
		};
		DAE07D0AA1307294EC9352A0 /* [CP] Embed Pods Frameworks */ = {
			isa = PBXShellScriptBuildPhase;
			buildActionMask = 2147483647;
			files = (
			);
			inputFileListPaths = (
				"${PODS_ROOT}/Target Support Files/Pods-lets-talk/Pods-lets-talk-frameworks-${CONFIGURATION}-input-files.xcfilelist",
			);
			name = "[CP] Embed Pods Frameworks";
			outputFileListPaths = (
				"${PODS_ROOT}/Target Support Files/Pods-lets-talk/Pods-lets-talk-frameworks-${CONFIGURATION}-output-files.xcfilelist",
			);
			runOnlyForDeploymentPostprocessing = 0;
			shellPath = /bin/sh;
			shellScript = "\"${PODS_ROOT}/Target Support Files/Pods-lets-talk/Pods-lets-talk-frameworks.sh\"\n";
			showEnvVarsInLog = 0;
		};
/* End PBXShellScriptBuildPhase section */

/* Begin PBXSourcesBuildPhase section */
		87D2124329F0177A0035AF04 /* Sources */ = {
			isa = PBXSourcesBuildPhase;
			buildActionMask = 2147483647;
			files = (
				87D2124F29F0177A0035AF04 /* DashboardViewController.swift in Sources */,
				873C23102A367CE2004F6B56 /* Profile.swift in Sources */,
				873C230B2A3615EE004F6B56 /* String+capitalizedSentece.swift in Sources */,
				87DA93D429F69D330096983E /* MessageBubbleView.swift in Sources */,
				877AB59C2A167078002B21D7 /* ChatCollectionViewCell.swift in Sources */,
				877AB5B02A1AB4C5002B21D7 /* ChatDataSourceProtocol.swift in Sources */,
				873C23062A360004004F6B56 /* BuddyRepository.swift in Sources */,
				873C22EC2A2CF626004F6B56 /* SettingTableViewCell.swift in Sources */,
				873C22EF2A2D0029004F6B56 /* SettingsViewModel.swift in Sources */,
				873C22FB2A2E8400004F6B56 /* ProfileSettingsViewController.swift in Sources */,
				8750C39929F5AE60002DE176 /* NavigationCollectionViewCell.swift in Sources */,
				873C23082A360AEE004F6B56 /* Buddy.swift in Sources */,
				877AB0E72A24BDF4000F6201 /* Config.swift in Sources */,
				877AB5AC2A1A3BB3002B21D7 /* SQLiteDatabaseManager.swift in Sources */,
				873C22F12A2E29BA004F6B56 /* Section.swift in Sources */,
				87D9551329F2F1B80054FF4A /* DashboardViewModel.swift in Sources */,
				873C23002A2E853C004F6B56 /* HistorySettingsViewController.swift in Sources */,
				877AB5952A15589B002B21D7 /* ChatView.swift in Sources */,
				873C23042A320146004F6B56 /* BuddyViewModel.swift in Sources */,
				87DA93D029F5E3A60096983E /* SolutionViewController.swift in Sources */,
				877AB5A72A1942DD002B21D7 /* Message.swift in Sources */,
				877AB5B22A1BE6B6002B21D7 /* ChatDelegateProtocol.swift in Sources */,
				879068202A01604B008A7E6F /* AvatarMessageView.swift in Sources */,
				877AB5AE2A1A93B7002B21D7 /* ChatDataSource.swift in Sources */,
				877AB5A52A17FE6A002B21D7 /* ChatViewModel.swift in Sources */,
				875A6BDA2A081FD100E722A4 /* ChatInputView.swift in Sources */,
				873C22F62A2E82C9004F6B56 /* BuddySettingsViewController.swift in Sources */,
				873C22E92A2CDC35004F6B56 /* DashboardComponentOption.swift in Sources */,
				877AB5B42A1BE749002B21D7 /* ChatDelegate.swift in Sources */,
				873C22E72A2CC939004F6B56 /* SettingOption.swift in Sources */,
				8750C39F29F5BBD3002DE176 /* ChatViewController.swift in Sources */,
				87D9551129F2E83E0054FF4A /* ViewControllerFactory.swift in Sources */,
				87D2124B29F0177A0035AF04 /* AppDelegate.swift in Sources */,
				87D2124D29F0177A0035AF04 /* SceneDelegate.swift in Sources */,
				877AB0DB2A23AC55000F6201 /* OpenAIService.swift in Sources */,
				879DCC5E2A29418200064AD1 /* HapticFeedbackManagers.swift in Sources */,
				873C22E02A2BCF21004F6B56 /* SettingsViewController.swift in Sources */,
				873C230E2A367716004F6B56 /* ProfileViewModel.swift in Sources */,
				877AB5B62A1C1365002B21D7 /* ChatCollectionView.swift in Sources */,
				877AB5AA2A1A3A62002B21D7 /* MessageRepository.swift in Sources */,
			);
			runOnlyForDeploymentPostprocessing = 0;
		};
/* End PBXSourcesBuildPhase section */

/* Begin PBXVariantGroup section */
		87D2125029F0177A0035AF04 /* Main.storyboard */ = {
			isa = PBXVariantGroup;
			children = (
				87D2125129F0177A0035AF04 /* Base */,
			);
			name = Main.storyboard;
			sourceTree = "<group>";
		};
		87D2125529F0177B0035AF04 /* LaunchScreen.storyboard */ = {
			isa = PBXVariantGroup;
			children = (
				87D2125629F0177B0035AF04 /* Base */,
			);
			name = LaunchScreen.storyboard;
			sourceTree = "<group>";
		};
/* End PBXVariantGroup section */

/* Begin XCBuildConfiguration section */
		87D2125929F0177B0035AF04 /* Debug */ = {
			isa = XCBuildConfiguration;
			buildSettings = {
				ALWAYS_SEARCH_USER_PATHS = NO;
				CLANG_ANALYZER_NONNULL = YES;
				CLANG_ANALYZER_NUMBER_OBJECT_CONVERSION = YES_AGGRESSIVE;
				CLANG_CXX_LANGUAGE_STANDARD = "gnu++20";
				CLANG_ENABLE_MODULES = YES;
				CLANG_ENABLE_OBJC_ARC = YES;
				CLANG_ENABLE_OBJC_WEAK = YES;
				CLANG_WARN_BLOCK_CAPTURE_AUTORELEASING = YES;
				CLANG_WARN_BOOL_CONVERSION = YES;
				CLANG_WARN_COMMA = YES;
				CLANG_WARN_CONSTANT_CONVERSION = YES;
				CLANG_WARN_DEPRECATED_OBJC_IMPLEMENTATIONS = YES;
				CLANG_WARN_DIRECT_OBJC_ISA_USAGE = YES_ERROR;
				CLANG_WARN_DOCUMENTATION_COMMENTS = YES;
				CLANG_WARN_EMPTY_BODY = YES;
				CLANG_WARN_ENUM_CONVERSION = YES;
				CLANG_WARN_INFINITE_RECURSION = YES;
				CLANG_WARN_INT_CONVERSION = YES;
				CLANG_WARN_NON_LITERAL_NULL_CONVERSION = YES;
				CLANG_WARN_OBJC_IMPLICIT_RETAIN_SELF = YES;
				CLANG_WARN_OBJC_LITERAL_CONVERSION = YES;
				CLANG_WARN_OBJC_ROOT_CLASS = YES_ERROR;
				CLANG_WARN_QUOTED_INCLUDE_IN_FRAMEWORK_HEADER = YES;
				CLANG_WARN_RANGE_LOOP_ANALYSIS = YES;
				CLANG_WARN_STRICT_PROTOTYPES = YES;
				CLANG_WARN_SUSPICIOUS_MOVE = YES;
				CLANG_WARN_UNGUARDED_AVAILABILITY = YES_AGGRESSIVE;
				CLANG_WARN_UNREACHABLE_CODE = YES;
				CLANG_WARN__DUPLICATE_METHOD_MATCH = YES;
				COPY_PHASE_STRIP = NO;
				DEBUG_INFORMATION_FORMAT = dwarf;
				ENABLE_STRICT_OBJC_MSGSEND = YES;
				ENABLE_TESTABILITY = YES;
				GCC_C_LANGUAGE_STANDARD = gnu11;
				GCC_DYNAMIC_NO_PIC = NO;
				GCC_NO_COMMON_BLOCKS = YES;
				GCC_OPTIMIZATION_LEVEL = 0;
				GCC_PREPROCESSOR_DEFINITIONS = (
					"DEBUG=1",
					"$(inherited)",
				);
				GCC_WARN_64_TO_32_BIT_CONVERSION = YES;
				GCC_WARN_ABOUT_RETURN_TYPE = YES_ERROR;
				GCC_WARN_UNDECLARED_SELECTOR = YES;
				GCC_WARN_UNINITIALIZED_AUTOS = YES_AGGRESSIVE;
				GCC_WARN_UNUSED_FUNCTION = YES;
				GCC_WARN_UNUSED_VARIABLE = YES;
				IPHONEOS_DEPLOYMENT_TARGET = 16.4;
				MTL_ENABLE_DEBUG_INFO = INCLUDE_SOURCE;
				MTL_FAST_MATH = YES;
				ONLY_ACTIVE_ARCH = YES;
				SDKROOT = iphoneos;
				SWIFT_ACTIVE_COMPILATION_CONDITIONS = DEBUG;
				SWIFT_OPTIMIZATION_LEVEL = "-Onone";
			};
			name = Debug;
		};
		87D2125A29F0177B0035AF04 /* Release */ = {
			isa = XCBuildConfiguration;
			buildSettings = {
				ALWAYS_SEARCH_USER_PATHS = NO;
				CLANG_ANALYZER_NONNULL = YES;
				CLANG_ANALYZER_NUMBER_OBJECT_CONVERSION = YES_AGGRESSIVE;
				CLANG_CXX_LANGUAGE_STANDARD = "gnu++20";
				CLANG_ENABLE_MODULES = YES;
				CLANG_ENABLE_OBJC_ARC = YES;
				CLANG_ENABLE_OBJC_WEAK = YES;
				CLANG_WARN_BLOCK_CAPTURE_AUTORELEASING = YES;
				CLANG_WARN_BOOL_CONVERSION = YES;
				CLANG_WARN_COMMA = YES;
				CLANG_WARN_CONSTANT_CONVERSION = YES;
				CLANG_WARN_DEPRECATED_OBJC_IMPLEMENTATIONS = YES;
				CLANG_WARN_DIRECT_OBJC_ISA_USAGE = YES_ERROR;
				CLANG_WARN_DOCUMENTATION_COMMENTS = YES;
				CLANG_WARN_EMPTY_BODY = YES;
				CLANG_WARN_ENUM_CONVERSION = YES;
				CLANG_WARN_INFINITE_RECURSION = YES;
				CLANG_WARN_INT_CONVERSION = YES;
				CLANG_WARN_NON_LITERAL_NULL_CONVERSION = YES;
				CLANG_WARN_OBJC_IMPLICIT_RETAIN_SELF = YES;
				CLANG_WARN_OBJC_LITERAL_CONVERSION = YES;
				CLANG_WARN_OBJC_ROOT_CLASS = YES_ERROR;
				CLANG_WARN_QUOTED_INCLUDE_IN_FRAMEWORK_HEADER = YES;
				CLANG_WARN_RANGE_LOOP_ANALYSIS = YES;
				CLANG_WARN_STRICT_PROTOTYPES = YES;
				CLANG_WARN_SUSPICIOUS_MOVE = YES;
				CLANG_WARN_UNGUARDED_AVAILABILITY = YES_AGGRESSIVE;
				CLANG_WARN_UNREACHABLE_CODE = YES;
				CLANG_WARN__DUPLICATE_METHOD_MATCH = YES;
				COPY_PHASE_STRIP = NO;
				DEBUG_INFORMATION_FORMAT = "dwarf-with-dsym";
				ENABLE_NS_ASSERTIONS = NO;
				ENABLE_STRICT_OBJC_MSGSEND = YES;
				GCC_C_LANGUAGE_STANDARD = gnu11;
				GCC_NO_COMMON_BLOCKS = YES;
				GCC_WARN_64_TO_32_BIT_CONVERSION = YES;
				GCC_WARN_ABOUT_RETURN_TYPE = YES_ERROR;
				GCC_WARN_UNDECLARED_SELECTOR = YES;
				GCC_WARN_UNINITIALIZED_AUTOS = YES_AGGRESSIVE;
				GCC_WARN_UNUSED_FUNCTION = YES;
				GCC_WARN_UNUSED_VARIABLE = YES;
				IPHONEOS_DEPLOYMENT_TARGET = 16.4;
				MTL_ENABLE_DEBUG_INFO = NO;
				MTL_FAST_MATH = YES;
				SDKROOT = iphoneos;
				SWIFT_COMPILATION_MODE = wholemodule;
				SWIFT_OPTIMIZATION_LEVEL = "-O";
				VALIDATE_PRODUCT = YES;
			};
			name = Release;
		};
		87D2125C29F0177B0035AF04 /* Debug */ = {
			isa = XCBuildConfiguration;
			baseConfigurationReference = 87325F2202292955AD26012E /* Pods-lets-talk.debug.xcconfig */;
			buildSettings = {
				ASSETCATALOG_COMPILER_APPICON_NAME = AppIcon;
				ASSETCATALOG_COMPILER_GLOBAL_ACCENT_COLOR_NAME = AccentColor;
				CODE_SIGN_STYLE = Automatic;
				CURRENT_PROJECT_VERSION = 1;
				DEVELOPMENT_TEAM = VX8CYT528Q;
				GENERATE_INFOPLIST_FILE = YES;
				INFOPLIST_FILE = "lets-talk/Info.plist";
				INFOPLIST_KEY_CFBundleDisplayName = "Let's Talk";
				INFOPLIST_KEY_UIApplicationSupportsIndirectInputEvents = YES;
				INFOPLIST_KEY_UILaunchStoryboardName = LaunchScreen;
				INFOPLIST_KEY_UIMainStoryboardFile = Main;
				INFOPLIST_KEY_UISupportedInterfaceOrientations_iPad = "UIInterfaceOrientationPortrait UIInterfaceOrientationPortraitUpsideDown UIInterfaceOrientationLandscapeLeft UIInterfaceOrientationLandscapeRight";
				INFOPLIST_KEY_UISupportedInterfaceOrientations_iPhone = "UIInterfaceOrientationPortrait UIInterfaceOrientationLandscapeLeft UIInterfaceOrientationLandscapeRight";
				LD_RUNPATH_SEARCH_PATHS = (
					"$(inherited)",
					"@executable_path/Frameworks",
				);
				MARKETING_VERSION = 1.0;
				PRODUCT_BUNDLE_IDENTIFIER = "srdegier.lets-talk";
				PRODUCT_NAME = "$(TARGET_NAME)";
				SWIFT_EMIT_LOC_STRINGS = YES;
				SWIFT_VERSION = 5.0;
				TARGETED_DEVICE_FAMILY = "1,2";
			};
			name = Debug;
		};
		87D2125D29F0177B0035AF04 /* Release */ = {
			isa = XCBuildConfiguration;
			baseConfigurationReference = 9D5DCE642BEA9A6B992D8CA7 /* Pods-lets-talk.release.xcconfig */;
			buildSettings = {
				ASSETCATALOG_COMPILER_APPICON_NAME = AppIcon;
				ASSETCATALOG_COMPILER_GLOBAL_ACCENT_COLOR_NAME = AccentColor;
				CODE_SIGN_STYLE = Automatic;
				CURRENT_PROJECT_VERSION = 1;
				DEVELOPMENT_TEAM = VX8CYT528Q;
				GENERATE_INFOPLIST_FILE = YES;
				INFOPLIST_FILE = "lets-talk/Info.plist";
				INFOPLIST_KEY_CFBundleDisplayName = "Let's Talk";
				INFOPLIST_KEY_UIApplicationSupportsIndirectInputEvents = YES;
				INFOPLIST_KEY_UILaunchStoryboardName = LaunchScreen;
				INFOPLIST_KEY_UIMainStoryboardFile = Main;
				INFOPLIST_KEY_UISupportedInterfaceOrientations_iPad = "UIInterfaceOrientationPortrait UIInterfaceOrientationPortraitUpsideDown UIInterfaceOrientationLandscapeLeft UIInterfaceOrientationLandscapeRight";
				INFOPLIST_KEY_UISupportedInterfaceOrientations_iPhone = "UIInterfaceOrientationPortrait UIInterfaceOrientationLandscapeLeft UIInterfaceOrientationLandscapeRight";
				LD_RUNPATH_SEARCH_PATHS = (
					"$(inherited)",
					"@executable_path/Frameworks",
				);
				MARKETING_VERSION = 1.0;
				PRODUCT_BUNDLE_IDENTIFIER = "srdegier.lets-talk";
				PRODUCT_NAME = "$(TARGET_NAME)";
				SWIFT_EMIT_LOC_STRINGS = YES;
				SWIFT_VERSION = 5.0;
				TARGETED_DEVICE_FAMILY = "1,2";
			};
			name = Release;
		};
/* End XCBuildConfiguration section */

/* Begin XCConfigurationList section */
		87D2124229F0177A0035AF04 /* Build configuration list for PBXProject "lets-talk" */ = {
			isa = XCConfigurationList;
			buildConfigurations = (
				87D2125929F0177B0035AF04 /* Debug */,
				87D2125A29F0177B0035AF04 /* Release */,
			);
			defaultConfigurationIsVisible = 0;
			defaultConfigurationName = Release;
		};
		87D2125B29F0177B0035AF04 /* Build configuration list for PBXNativeTarget "lets-talk" */ = {
			isa = XCConfigurationList;
			buildConfigurations = (
				87D2125C29F0177B0035AF04 /* Debug */,
				87D2125D29F0177B0035AF04 /* Release */,
			);
			defaultConfigurationIsVisible = 0;
			defaultConfigurationName = Release;
		};
/* End XCConfigurationList section */
	};
	rootObject = 87D2123F29F0177A0035AF04 /* Project object */;
}
